// !$*UTF8*$!
{
	archiveVersion = 1;
	classes = {
	};
	objectVersion = 60;
	objects = {

/* Begin PBXBuildFile section */
		11070C462D2373370092B920 /* Practice.storyboard in Resources */ = {isa = PBXBuildFile; fileRef = 11070C452D2373370092B920 /* Practice.storyboard */; };
		11070C482D2389340092B920 /* PracticeViewController.swift in Sources */ = {isa = PBXBuildFile; fileRef = 11070C472D2389340092B920 /* PracticeViewController.swift */; };
		11070C4A2D2389420092B920 /* ModalViewController.swift in Sources */ = {isa = PBXBuildFile; fileRef = 11070C492D2389420092B920 /* ModalViewController.swift */; };
		11070C4C2D238DEE0092B920 /* ShowViewController.swift in Sources */ = {isa = PBXBuildFile; fileRef = 11070C4B2D238DEE0092B920 /* ShowViewController.swift */; };
		11070C4E2D2396D80092B920 /* SecondViewController.swift in Sources */ = {isa = PBXBuildFile; fileRef = 11070C4D2D2396D70092B920 /* SecondViewController.swift */; };
		1159BA4E2D26546F004DF944 /* BasicTableViewController.swift in Sources */ = {isa = PBXBuildFile; fileRef = 1159BA4D2D26546F004DF944 /* BasicTableViewController.swift */; };
		1159BA542D26813D004DF944 /* UIViewController+.swift in Sources */ = {isa = PBXBuildFile; fileRef = 1159BA532D26813D004DF944 /* UIViewController+.swift */; };
		1159BA562D2682A2004DF944 /* UILable+.swift in Sources */ = {isa = PBXBuildFile; fileRef = 1159BA552D268299004DF944 /* UILable+.swift */; };
		1159BA582D26870D004DF944 /* ClassStruct.swift in Sources */ = {isa = PBXBuildFile; fileRef = 1159BA572D26870D004DF944 /* ClassStruct.swift */; };
		11713AC52D2257A9003186FE /* AppDelegate.swift in Sources */ = {isa = PBXBuildFile; fileRef = 11713AC42D2257A9003186FE /* AppDelegate.swift */; };
		11713AC72D2257A9003186FE /* SceneDelegate.swift in Sources */ = {isa = PBXBuildFile; fileRef = 11713AC62D2257A9003186FE /* SceneDelegate.swift */; };
		11713AC92D2257A9003186FE /* ViewController.swift in Sources */ = {isa = PBXBuildFile; fileRef = 11713AC82D2257A9003186FE /* ViewController.swift */; };
		11713ACC2D2257A9003186FE /* Base in Resources */ = {isa = PBXBuildFile; fileRef = 11713ACB2D2257A9003186FE /* Base */; };
		11713ACE2D2257AA003186FE /* Assets.xcassets in Resources */ = {isa = PBXBuildFile; fileRef = 11713ACD2D2257AA003186FE /* Assets.xcassets */; };
		11713AD12D2257AA003186FE /* Base in Resources */ = {isa = PBXBuildFile; fileRef = 11713AD02D2257AA003186FE /* Base */; };
		11713AD92D22718F003186FE /* NumberViewController.swift in Sources */ = {isa = PBXBuildFile; fileRef = 11713AD82D22718F003186FE /* NumberViewController.swift */; };
		1171DAF12D27C2C3009296F6 /* UserTableViewController.swift in Sources */ = {isa = PBXBuildFile; fileRef = 1171DAF02D27C2C3009296F6 /* UserTableViewController.swift */; };
		1171DAF32D27C392009296F6 /* User.storyboard in Resources */ = {isa = PBXBuildFile; fileRef = 1171DAF22D27C392009296F6 /* User.storyboard */; };
		1171DAF52D27C75F009296F6 /* UserTableViewCell.swift in Sources */ = {isa = PBXBuildFile; fileRef = 1171DAF42D27C75F009296F6 /* UserTableViewCell.swift */; };
		1171DAF72D27D1B6009296F6 /* Friend.swift in Sources */ = {isa = PBXBuildFile; fileRef = 1171DAF62D27D1B5009296F6 /* Friend.swift */; };
		119569B02D2BA2DF009976A2 /* NoProfileTableViewCell.xib in Resources */ = {isa = PBXBuildFile; fileRef = 119569AF2D2BA2DF009976A2 /* NoProfileTableViewCell.xib */; };
		119569B12D2BA2DF009976A2 /* NoProfileTableViewCell.swift in Sources */ = {isa = PBXBuildFile; fileRef = 119569AE2D2BA2DF009976A2 /* NoProfileTableViewCell.swift */; };
		11A0E9DE2D2BCF5E00B3EBE3 /* UIColor+.swift in Sources */ = {isa = PBXBuildFile; fileRef = 11A0E9DD2D2BCF5E00B3EBE3 /* UIColor+.swift */; };
		11BD1EA32D27AF1A00352CDD /* IQKeyboardManagerSwift in Frameworks */ = {isa = PBXBuildFile; productRef = 11BD1EA22D27AF1A00352CDD /* IQKeyboardManagerSwift */; };
		11BD1EA62D27B07600352CDD /* Kingfisher in Frameworks */ = {isa = PBXBuildFile; productRef = 11BD1EA52D27B07600352CDD /* Kingfisher */; };
/* End PBXBuildFile section */

/* Begin PBXFileReference section */
		11070C452D2373370092B920 /* Practice.storyboard */ = {isa = PBXFileReference; lastKnownFileType = file.storyboard; path = Practice.storyboard; sourceTree = "<group>"; };
		11070C472D2389340092B920 /* PracticeViewController.swift */ = {isa = PBXFileReference; lastKnownFileType = sourcecode.swift; path = PracticeViewController.swift; sourceTree = "<group>"; };
		11070C492D2389420092B920 /* ModalViewController.swift */ = {isa = PBXFileReference; lastKnownFileType = sourcecode.swift; path = ModalViewController.swift; sourceTree = "<group>"; };
		11070C4B2D238DEE0092B920 /* ShowViewController.swift */ = {isa = PBXFileReference; lastKnownFileType = sourcecode.swift; path = ShowViewController.swift; sourceTree = "<group>"; };
		11070C4D2D2396D70092B920 /* SecondViewController.swift */ = {isa = PBXFileReference; lastKnownFileType = sourcecode.swift; path = SecondViewController.swift; sourceTree = "<group>"; };
		1159BA4D2D26546F004DF944 /* BasicTableViewController.swift */ = {isa = PBXFileReference; lastKnownFileType = sourcecode.swift; path = BasicTableViewController.swift; sourceTree = "<group>"; };
		1159BA532D26813D004DF944 /* UIViewController+.swift */ = {isa = PBXFileReference; lastKnownFileType = sourcecode.swift; path = "UIViewController+.swift"; sourceTree = "<group>"; };
		1159BA552D268299004DF944 /* UILable+.swift */ = {isa = PBXFileReference; lastKnownFileType = sourcecode.swift; path = "UILable+.swift"; sourceTree = "<group>"; };
		1159BA572D26870D004DF944 /* ClassStruct.swift */ = {isa = PBXFileReference; lastKnownFileType = sourcecode.swift; path = ClassStruct.swift; sourceTree = "<group>"; };
		11713AC12D2257A9003186FE /* SecondWeek.app */ = {isa = PBXFileReference; explicitFileType = wrapper.application; includeInIndex = 0; path = SecondWeek.app; sourceTree = BUILT_PRODUCTS_DIR; };
		11713AC42D2257A9003186FE /* AppDelegate.swift */ = {isa = PBXFileReference; lastKnownFileType = sourcecode.swift; path = AppDelegate.swift; sourceTree = "<group>"; };
		11713AC62D2257A9003186FE /* SceneDelegate.swift */ = {isa = PBXFileReference; lastKnownFileType = sourcecode.swift; path = SceneDelegate.swift; sourceTree = "<group>"; };
		11713AC82D2257A9003186FE /* ViewController.swift */ = {isa = PBXFileReference; lastKnownFileType = sourcecode.swift; path = ViewController.swift; sourceTree = "<group>"; };
		11713ACB2D2257A9003186FE /* Base */ = {isa = PBXFileReference; lastKnownFileType = file.storyboard; name = Base; path = Base.lproj/Main.storyboard; sourceTree = "<group>"; };
		11713ACD2D2257AA003186FE /* Assets.xcassets */ = {isa = PBXFileReference; lastKnownFileType = folder.assetcatalog; path = Assets.xcassets; sourceTree = "<group>"; };
		11713AD02D2257AA003186FE /* Base */ = {isa = PBXFileReference; lastKnownFileType = file.storyboard; name = Base; path = Base.lproj/LaunchScreen.storyboard; sourceTree = "<group>"; };
		11713AD22D2257AA003186FE /* Info.plist */ = {isa = PBXFileReference; lastKnownFileType = text.plist.xml; path = Info.plist; sourceTree = "<group>"; };
		11713AD82D22718F003186FE /* NumberViewController.swift */ = {isa = PBXFileReference; lastKnownFileType = sourcecode.swift; path = NumberViewController.swift; sourceTree = "<group>"; };
		1171DAF02D27C2C3009296F6 /* UserTableViewController.swift */ = {isa = PBXFileReference; lastKnownFileType = sourcecode.swift; path = UserTableViewController.swift; sourceTree = "<group>"; };
		1171DAF22D27C392009296F6 /* User.storyboard */ = {isa = PBXFileReference; lastKnownFileType = file.storyboard; path = User.storyboard; sourceTree = "<group>"; };
		1171DAF42D27C75F009296F6 /* UserTableViewCell.swift */ = {isa = PBXFileReference; lastKnownFileType = sourcecode.swift; path = UserTableViewCell.swift; sourceTree = "<group>"; };
		1171DAF62D27D1B5009296F6 /* Friend.swift */ = {isa = PBXFileReference; lastKnownFileType = sourcecode.swift; path = Friend.swift; sourceTree = "<group>"; };
		119569AE2D2BA2DF009976A2 /* NoProfileTableViewCell.swift */ = {isa = PBXFileReference; lastKnownFileType = sourcecode.swift; path = NoProfileTableViewCell.swift; sourceTree = "<group>"; };
		119569AF2D2BA2DF009976A2 /* NoProfileTableViewCell.xib */ = {isa = PBXFileReference; lastKnownFileType = file.xib; path = NoProfileTableViewCell.xib; sourceTree = "<group>"; };
		11A0E9DD2D2BCF5E00B3EBE3 /* UIColor+.swift */ = {isa = PBXFileReference; lastKnownFileType = sourcecode.swift; path = "UIColor+.swift"; sourceTree = "<group>"; };
/* End PBXFileReference section */

/* Begin PBXFrameworksBuildPhase section */
		11713ABE2D2257A9003186FE /* Frameworks */ = {
			isa = PBXFrameworksBuildPhase;
			buildActionMask = 2147483647;
			files = (
				11BD1EA62D27B07600352CDD /* Kingfisher in Frameworks */,
				11BD1EA32D27AF1A00352CDD /* IQKeyboardManagerSwift in Frameworks */,
			);
			runOnlyForDeploymentPostprocessing = 0;
		};
/* End PBXFrameworksBuildPhase section */

/* Begin PBXGroup section */
		11070C422D2373180092B920 /* 1231 */ = {
			isa = PBXGroup;
			children = (
				11070C452D2373370092B920 /* Practice.storyboard */,
				11070C472D2389340092B920 /* PracticeViewController.swift */,
				11070C492D2389420092B920 /* ModalViewController.swift */,
				11070C4B2D238DEE0092B920 /* ShowViewController.swift */,
				11070C4D2D2396D70092B920 /* SecondViewController.swift */,
			);
			path = 1231;
			sourceTree = "<group>";
		};
		1159BA502D2680EA004DF944 /* Extension */ = {
			isa = PBXGroup;
			children = (
				1159BA552D268299004DF944 /* UILable+.swift */,
				1159BA532D26813D004DF944 /* UIViewController+.swift */,
				11A0E9DD2D2BCF5E00B3EBE3 /* UIColor+.swift */,
			);
			path = Extension;
			sourceTree = "<group>";
		};
		11713AB82D2257A9003186FE = {
			isa = PBXGroup;
			children = (
				11713AC32D2257A9003186FE /* SecondWeek */,
				11713AC22D2257A9003186FE /* Products */,
			);
			sourceTree = "<group>";
		};
		11713AC22D2257A9003186FE /* Products */ = {
			isa = PBXGroup;
			children = (
				11713AC12D2257A9003186FE /* SecondWeek.app */,
			);
			name = Products;
			sourceTree = "<group>";
		};
		11713AC32D2257A9003186FE /* SecondWeek */ = {
			isa = PBXGroup;
			children = (
				1159BA502D2680EA004DF944 /* Extension */,
				11BD1EA72D27B7D100352CDD /* 1230 */,
				11070C422D2373180092B920 /* 1231 */,
				11E502F72D2649640044221B /* 0102 */,
				1171DAEF2D27C2B1009296F6 /* 0103 */,
				119569B22D2BA2E3009976A2 /* 0106 */,
				11713AC42D2257A9003186FE /* AppDelegate.swift */,
				11713AC62D2257A9003186FE /* SceneDelegate.swift */,
				11713AC82D2257A9003186FE /* ViewController.swift */,
				11713ACA2D2257A9003186FE /* Main.storyboard */,
				11713ACD2D2257AA003186FE /* Assets.xcassets */,
				11713ACF2D2257AA003186FE /* LaunchScreen.storyboard */,
				11713AD22D2257AA003186FE /* Info.plist */,
			);
			path = SecondWeek;
			sourceTree = "<group>";
		};
		1171DAEF2D27C2B1009296F6 /* 0103 */ = {
			isa = PBXGroup;
			children = (
				1171DAF62D27D1B5009296F6 /* Friend.swift */,
				1171DAF02D27C2C3009296F6 /* UserTableViewController.swift */,
				1171DAF22D27C392009296F6 /* User.storyboard */,
				1171DAF42D27C75F009296F6 /* UserTableViewCell.swift */,
			);
			path = 0103;
			sourceTree = "<group>";
		};
		119569B22D2BA2E3009976A2 /* 0106 */ = {
			isa = PBXGroup;
			children = (
				119569AF2D2BA2DF009976A2 /* NoProfileTableViewCell.xib */,
				119569AE2D2BA2DF009976A2 /* NoProfileTableViewCell.swift */,
			);
			path = 0106;
			sourceTree = "<group>";
		};
		11BD1EA72D27B7D100352CDD /* 1230 */ = {
			isa = PBXGroup;
			children = (
				11713AD82D22718F003186FE /* NumberViewController.swift */,
			);
			path = 1230;
			sourceTree = "<group>";
		};
		11E502F72D2649640044221B /* 0102 */ = {
			isa = PBXGroup;
			children = (
				1159BA4D2D26546F004DF944 /* BasicTableViewController.swift */,
				1159BA572D26870D004DF944 /* ClassStruct.swift */,
			);
			path = 0102;
			sourceTree = "<group>";
		};
/* End PBXGroup section */

/* Begin PBXNativeTarget section */
		11713AC02D2257A9003186FE /* SecondWeek */ = {
			isa = PBXNativeTarget;
			buildConfigurationList = 11713AD52D2257AA003186FE /* Build configuration list for PBXNativeTarget "SecondWeek" */;
			buildPhases = (
				11713ABD2D2257A9003186FE /* Sources */,
				11713ABE2D2257A9003186FE /* Frameworks */,
				11713ABF2D2257A9003186FE /* Resources */,
			);
			buildRules = (
			);
			dependencies = (
			);
			name = SecondWeek;
			packageProductDependencies = (
				11BD1EA22D27AF1A00352CDD /* IQKeyboardManagerSwift */,
				11BD1EA52D27B07600352CDD /* Kingfisher */,
			);
			productName = SecondWeek;
			productReference = 11713AC12D2257A9003186FE /* SecondWeek.app */;
			productType = "com.apple.product-type.application";
		};
/* End PBXNativeTarget section */

/* Begin PBXProject section */
		11713AB92D2257A9003186FE /* Project object */ = {
			isa = PBXProject;
			attributes = {
				BuildIndependentTargetsInParallel = 1;
				LastSwiftUpdateCheck = 1600;
				LastUpgradeCheck = 1600;
				TargetAttributes = {
					11713AC02D2257A9003186FE = {
						CreatedOnToolsVersion = 16.0;
					};
				};
			};
			buildConfigurationList = 11713ABC2D2257A9003186FE /* Build configuration list for PBXProject "SecondWeek" */;
			compatibilityVersion = "Xcode 15.0";
			developmentRegion = en;
			hasScannedForEncodings = 0;
			knownRegions = (
				en,
				Base,
			);
			mainGroup = 11713AB82D2257A9003186FE;
			packageReferences = (
				11BD1EA12D27AF1A00352CDD /* XCRemoteSwiftPackageReference "IQKeyboardManager" */,
				11BD1EA42D27B07600352CDD /* XCRemoteSwiftPackageReference "Kingfisher" */,
			);
			productRefGroup = 11713AC22D2257A9003186FE /* Products */;
			projectDirPath = "";
			projectRoot = "";
			targets = (
				11713AC02D2257A9003186FE /* SecondWeek */,
			);
		};
/* End PBXProject section */

/* Begin PBXResourcesBuildPhase section */
		11713ABF2D2257A9003186FE /* Resources */ = {
			isa = PBXResourcesBuildPhase;
			buildActionMask = 2147483647;
			files = (
				11713ACE2D2257AA003186FE /* Assets.xcassets in Resources */,
				1171DAF32D27C392009296F6 /* User.storyboard in Resources */,
				11070C462D2373370092B920 /* Practice.storyboard in Resources */,
				11713AD12D2257AA003186FE /* Base in Resources */,
				119569B02D2BA2DF009976A2 /* NoProfileTableViewCell.xib in Resources */,
				11713ACC2D2257A9003186FE /* Base in Resources */,
			);
			runOnlyForDeploymentPostprocessing = 0;
		};
/* End PBXResourcesBuildPhase section */

/* Begin PBXSourcesBuildPhase section */
		11713ABD2D2257A9003186FE /* Sources */ = {
			isa = PBXSourcesBuildPhase;
			buildActionMask = 2147483647;
			files = (
				11070C4E2D2396D80092B920 /* SecondViewController.swift in Sources */,
				11713AC92D2257A9003186FE /* ViewController.swift in Sources */,
				1171DAF52D27C75F009296F6 /* UserTableViewCell.swift in Sources */,
				1171DAF12D27C2C3009296F6 /* UserTableViewController.swift in Sources */,
				1159BA542D26813D004DF944 /* UIViewController+.swift in Sources */,
				11070C4C2D238DEE0092B920 /* ShowViewController.swift in Sources */,
				11713AD92D22718F003186FE /* NumberViewController.swift in Sources */,
				11713AC52D2257A9003186FE /* AppDelegate.swift in Sources */,
				11A0E9DE2D2BCF5E00B3EBE3 /* UIColor+.swift in Sources */,
				119569B12D2BA2DF009976A2 /* NoProfileTableViewCell.swift in Sources */,
				1159BA562D2682A2004DF944 /* UILable+.swift in Sources */,
				11070C482D2389340092B920 /* PracticeViewController.swift in Sources */,
				11070C4A2D2389420092B920 /* ModalViewController.swift in Sources */,
				1159BA4E2D26546F004DF944 /* BasicTableViewController.swift in Sources */,
				1171DAF72D27D1B6009296F6 /* Friend.swift in Sources */,
				11713AC72D2257A9003186FE /* SceneDelegate.swift in Sources */,
				1159BA582D26870D004DF944 /* ClassStruct.swift in Sources */,
			);
			runOnlyForDeploymentPostprocessing = 0;
		};
/* End PBXSourcesBuildPhase section */

/* Begin PBXVariantGroup section */
		11713ACA2D2257A9003186FE /* Main.storyboard */ = {
			isa = PBXVariantGroup;
			children = (
				11713ACB2D2257A9003186FE /* Base */,
			);
			name = Main.storyboard;
			sourceTree = "<group>";
		};
		11713ACF2D2257AA003186FE /* LaunchScreen.storyboard */ = {
			isa = PBXVariantGroup;
			children = (
				11713AD02D2257AA003186FE /* Base */,
			);
			name = LaunchScreen.storyboard;
			sourceTree = "<group>";
		};
/* End PBXVariantGroup section */

/* Begin XCBuildConfiguration section */
		11713AD32D2257AA003186FE /* Debug */ = {
			isa = XCBuildConfiguration;
			buildSettings = {
				ALWAYS_SEARCH_USER_PATHS = NO;
				ASSETCATALOG_COMPILER_GENERATE_SWIFT_ASSET_SYMBOL_EXTENSIONS = YES;
				CLANG_ANALYZER_NONNULL = YES;
				CLANG_ANALYZER_NUMBER_OBJECT_CONVERSION = YES_AGGRESSIVE;
				CLANG_CXX_LANGUAGE_STANDARD = "gnu++20";
				CLANG_ENABLE_MODULES = YES;
				CLANG_ENABLE_OBJC_ARC = YES;
				CLANG_ENABLE_OBJC_WEAK = YES;
				CLANG_WARN_BLOCK_CAPTURE_AUTORELEASING = YES;
				CLANG_WARN_BOOL_CONVERSION = YES;
				CLANG_WARN_COMMA = YES;
				CLANG_WARN_CONSTANT_CONVERSION = YES;
				CLANG_WARN_DEPRECATED_OBJC_IMPLEMENTATIONS = YES;
				CLANG_WARN_DIRECT_OBJC_ISA_USAGE = YES_ERROR;
				CLANG_WARN_DOCUMENTATION_COMMENTS = YES;
				CLANG_WARN_EMPTY_BODY = YES;
				CLANG_WARN_ENUM_CONVERSION = YES;
				CLANG_WARN_INFINITE_RECURSION = YES;
				CLANG_WARN_INT_CONVERSION = YES;
				CLANG_WARN_NON_LITERAL_NULL_CONVERSION = YES;
				CLANG_WARN_OBJC_IMPLICIT_RETAIN_SELF = YES;
				CLANG_WARN_OBJC_LITERAL_CONVERSION = YES;
				CLANG_WARN_OBJC_ROOT_CLASS = YES_ERROR;
				CLANG_WARN_QUOTED_INCLUDE_IN_FRAMEWORK_HEADER = YES;
				CLANG_WARN_RANGE_LOOP_ANALYSIS = YES;
				CLANG_WARN_STRICT_PROTOTYPES = YES;
				CLANG_WARN_SUSPICIOUS_MOVE = YES;
				CLANG_WARN_UNGUARDED_AVAILABILITY = YES_AGGRESSIVE;
				CLANG_WARN_UNREACHABLE_CODE = YES;
				CLANG_WARN__DUPLICATE_METHOD_MATCH = YES;
				COPY_PHASE_STRIP = NO;
				DEBUG_INFORMATION_FORMAT = dwarf;
				ENABLE_STRICT_OBJC_MSGSEND = YES;
				ENABLE_TESTABILITY = YES;
				ENABLE_USER_SCRIPT_SANDBOXING = YES;
				GCC_C_LANGUAGE_STANDARD = gnu17;
				GCC_DYNAMIC_NO_PIC = NO;
				GCC_NO_COMMON_BLOCKS = YES;
				GCC_OPTIMIZATION_LEVEL = 0;
				GCC_PREPROCESSOR_DEFINITIONS = (
					"DEBUG=1",
					"$(inherited)",
				);
				GCC_WARN_64_TO_32_BIT_CONVERSION = YES;
				GCC_WARN_ABOUT_RETURN_TYPE = YES_ERROR;
				GCC_WARN_UNDECLARED_SELECTOR = YES;
				GCC_WARN_UNINITIALIZED_AUTOS = YES_AGGRESSIVE;
				GCC_WARN_UNUSED_FUNCTION = YES;
				GCC_WARN_UNUSED_VARIABLE = YES;
				IPHONEOS_DEPLOYMENT_TARGET = 18.0;
				LOCALIZATION_PREFERS_STRING_CATALOGS = YES;
				MTL_ENABLE_DEBUG_INFO = INCLUDE_SOURCE;
				MTL_FAST_MATH = YES;
				ONLY_ACTIVE_ARCH = YES;
				SDKROOT = iphoneos;
				SWIFT_ACTIVE_COMPILATION_CONDITIONS = "DEBUG $(inherited)";
				SWIFT_OPTIMIZATION_LEVEL = "-Onone";
			};
			name = Debug;
		};
		11713AD42D2257AA003186FE /* Release */ = {
			isa = XCBuildConfiguration;
			buildSettings = {
				ALWAYS_SEARCH_USER_PATHS = NO;
				ASSETCATALOG_COMPILER_GENERATE_SWIFT_ASSET_SYMBOL_EXTENSIONS = YES;
				CLANG_ANALYZER_NONNULL = YES;
				CLANG_ANALYZER_NUMBER_OBJECT_CONVERSION = YES_AGGRESSIVE;
				CLANG_CXX_LANGUAGE_STANDARD = "gnu++20";
				CLANG_ENABLE_MODULES = YES;
				CLANG_ENABLE_OBJC_ARC = YES;
				CLANG_ENABLE_OBJC_WEAK = YES;
				CLANG_WARN_BLOCK_CAPTURE_AUTORELEASING = YES;
				CLANG_WARN_BOOL_CONVERSION = YES;
				CLANG_WARN_COMMA = YES;
				CLANG_WARN_CONSTANT_CONVERSION = YES;
				CLANG_WARN_DEPRECATED_OBJC_IMPLEMENTATIONS = YES;
				CLANG_WARN_DIRECT_OBJC_ISA_USAGE = YES_ERROR;
				CLANG_WARN_DOCUMENTATION_COMMENTS = YES;
				CLANG_WARN_EMPTY_BODY = YES;
				CLANG_WARN_ENUM_CONVERSION = YES;
				CLANG_WARN_INFINITE_RECURSION = YES;
				CLANG_WARN_INT_CONVERSION = YES;
				CLANG_WARN_NON_LITERAL_NULL_CONVERSION = YES;
				CLANG_WARN_OBJC_IMPLICIT_RETAIN_SELF = YES;
				CLANG_WARN_OBJC_LITERAL_CONVERSION = YES;
				CLANG_WARN_OBJC_ROOT_CLASS = YES_ERROR;
				CLANG_WARN_QUOTED_INCLUDE_IN_FRAMEWORK_HEADER = YES;
				CLANG_WARN_RANGE_LOOP_ANALYSIS = YES;
				CLANG_WARN_STRICT_PROTOTYPES = YES;
				CLANG_WARN_SUSPICIOUS_MOVE = YES;
				CLANG_WARN_UNGUARDED_AVAILABILITY = YES_AGGRESSIVE;
				CLANG_WARN_UNREACHABLE_CODE = YES;
				CLANG_WARN__DUPLICATE_METHOD_MATCH = YES;
				COPY_PHASE_STRIP = NO;
				DEBUG_INFORMATION_FORMAT = "dwarf-with-dsym";
				ENABLE_NS_ASSERTIONS = NO;
				ENABLE_STRICT_OBJC_MSGSEND = YES;
				ENABLE_USER_SCRIPT_SANDBOXING = YES;
				GCC_C_LANGUAGE_STANDARD = gnu17;
				GCC_NO_COMMON_BLOCKS = YES;
				GCC_WARN_64_TO_32_BIT_CONVERSION = YES;
				GCC_WARN_ABOUT_RETURN_TYPE = YES_ERROR;
				GCC_WARN_UNDECLARED_SELECTOR = YES;
				GCC_WARN_UNINITIALIZED_AUTOS = YES_AGGRESSIVE;
				GCC_WARN_UNUSED_FUNCTION = YES;
				GCC_WARN_UNUSED_VARIABLE = YES;
				IPHONEOS_DEPLOYMENT_TARGET = 18.0;
				LOCALIZATION_PREFERS_STRING_CATALOGS = YES;
				MTL_ENABLE_DEBUG_INFO = NO;
				MTL_FAST_MATH = YES;
				SDKROOT = iphoneos;
				SWIFT_COMPILATION_MODE = wholemodule;
				VALIDATE_PRODUCT = YES;
			};
			name = Release;
		};
		11713AD62D2257AA003186FE /* Debug */ = {
			isa = XCBuildConfiguration;
			buildSettings = {
				ASSETCATALOG_COMPILER_APPICON_NAME = AppIcon;
				ASSETCATALOG_COMPILER_GLOBAL_ACCENT_COLOR_NAME = AccentColor;
				CODE_SIGN_STYLE = Automatic;
				CURRENT_PROJECT_VERSION = 1;
				DEVELOPMENT_TEAM = W43DLLFB4Q;
				GENERATE_INFOPLIST_FILE = YES;
				INFOPLIST_FILE = SecondWeek/Info.plist;
				INFOPLIST_KEY_UIApplicationSupportsIndirectInputEvents = YES;
				INFOPLIST_KEY_UILaunchStoryboardName = LaunchScreen;
				INFOPLIST_KEY_UIMainStoryboardFile = Main;
				INFOPLIST_KEY_UISupportedInterfaceOrientations = UIInterfaceOrientationPortrait;
				INFOPLIST_KEY_UISupportedInterfaceOrientations_iPad = "UIInterfaceOrientationLandscapeRight UIInterfaceOrientationPortrait";
				IPHONEOS_DEPLOYMENT_TARGET = 18.0;
				LD_RUNPATH_SEARCH_PATHS = (
					"$(inherited)",
					"@executable_path/Frameworks",
				);
				MARKETING_VERSION = 1.0;
				PRODUCT_BUNDLE_IDENTIFIER = com.sean.SeSAC.SecondWeek;
				PRODUCT_NAME = "$(TARGET_NAME)";
				SUPPORTED_PLATFORMS = "iphoneos iphonesimulator";
				SUPPORTS_MACCATALYST = NO;
				SUPPORTS_MAC_DESIGNED_FOR_IPHONE_IPAD = NO;
				SUPPORTS_XR_DESIGNED_FOR_IPHONE_IPAD = NO;
				SWIFT_EMIT_LOC_STRINGS = YES;
				SWIFT_VERSION = 5.0;
				TARGETED_DEVICE_FAMILY = 1;
			};
			name = Debug;
		};
		11713AD72D2257AA003186FE /* Release */ = {
			isa = XCBuildConfiguration;
			buildSettings = {
				ASSETCATALOG_COMPILER_APPICON_NAME = AppIcon;
				ASSETCATALOG_COMPILER_GLOBAL_ACCENT_COLOR_NAME = AccentColor;
				CODE_SIGN_STYLE = Automatic;
				CURRENT_PROJECT_VERSION = 1;
				DEVELOPMENT_TEAM = W43DLLFB4Q;
				GENERATE_INFOPLIST_FILE = YES;
				INFOPLIST_FILE = SecondWeek/Info.plist;
				INFOPLIST_KEY_UIApplicationSupportsIndirectInputEvents = YES;
				INFOPLIST_KEY_UILaunchStoryboardName = LaunchScreen;
				INFOPLIST_KEY_UIMainStoryboardFile = Main;
				INFOPLIST_KEY_UISupportedInterfaceOrientations = UIInterfaceOrientationPortrait;
				INFOPLIST_KEY_UISupportedInterfaceOrientations_iPad = "UIInterfaceOrientationLandscapeRight UIInterfaceOrientationPortrait";
				IPHONEOS_DEPLOYMENT_TARGET = 18.0;
				LD_RUNPATH_SEARCH_PATHS = (
					"$(inherited)",
					"@executable_path/Frameworks",
				);
				MARKETING_VERSION = 1.0;
				PRODUCT_BUNDLE_IDENTIFIER = com.sean.SeSAC.SecondWeek;
				PRODUCT_NAME = "$(TARGET_NAME)";
				SUPPORTED_PLATFORMS = "iphoneos iphonesimulator";
				SUPPORTS_MACCATALYST = NO;
				SUPPORTS_MAC_DESIGNED_FOR_IPHONE_IPAD = NO;
				SUPPORTS_XR_DESIGNED_FOR_IPHONE_IPAD = NO;
				SWIFT_EMIT_LOC_STRINGS = YES;
				SWIFT_VERSION = 5.0;
				TARGETED_DEVICE_FAMILY = 1;
			};
			name = Release;
		};
/* End XCBuildConfiguration section */

/* Begin XCConfigurationList section */
		11713ABC2D2257A9003186FE /* Build configuration list for PBXProject "SecondWeek" */ = {
			isa = XCConfigurationList;
			buildConfigurations = (
				11713AD32D2257AA003186FE /* Debug */,
				11713AD42D2257AA003186FE /* Release */,
			);
			defaultConfigurationIsVisible = 0;
			defaultConfigurationName = Release;
		};
		11713AD52D2257AA003186FE /* Build configuration list for PBXNativeTarget "SecondWeek" */ = {
			isa = XCConfigurationList;
			buildConfigurations = (
				11713AD62D2257AA003186FE /* Debug */,
				11713AD72D2257AA003186FE /* Release */,
			);
			defaultConfigurationIsVisible = 0;
			defaultConfigurationName = Release;
		};
/* End XCConfigurationList section */

/* Begin XCRemoteSwiftPackageReference section */
		11BD1EA12D27AF1A00352CDD /* XCRemoteSwiftPackageReference "IQKeyboardManager" */ = {
			isa = XCRemoteSwiftPackageReference;
			repositoryURL = "https://github.com/hackiftekhar/IQKeyboardManager";
			requirement = {
				kind = upToNextMajorVersion;
				minimumVersion = 8.0.0;
			};
		};
		11BD1EA42D27B07600352CDD /* XCRemoteSwiftPackageReference "Kingfisher" */ = {
			isa = XCRemoteSwiftPackageReference;
			repositoryURL = "https://github.com/onevcat/Kingfisher.git";
			requirement = {
				kind = upToNextMajorVersion;
				minimumVersion = 8.1.3;
			};
		};
/* End XCRemoteSwiftPackageReference section */

/* Begin XCSwiftPackageProductDependency section */
		11BD1EA22D27AF1A00352CDD /* IQKeyboardManagerSwift */ = {
			isa = XCSwiftPackageProductDependency;
			package = 11BD1EA12D27AF1A00352CDD /* XCRemoteSwiftPackageReference "IQKeyboardManager" */;
			productName = IQKeyboardManagerSwift;
		};
		11BD1EA52D27B07600352CDD /* Kingfisher */ = {
			isa = XCSwiftPackageProductDependency;
			package = 11BD1EA42D27B07600352CDD /* XCRemoteSwiftPackageReference "Kingfisher" */;
			productName = Kingfisher;
		};
/* End XCSwiftPackageProductDependency section */
	};
	rootObject = 11713AB92D2257A9003186FE /* Project object */;
}
